apiVersion: v1
kind: Service
metadata:
  name: {{ template "cblock.fullname" . }}-cblock
  labels:
    app: {{ template "cblock.fullname" . }}-cblock
{{ include "cblock.commonlabels" . | indent 4}}
spec:
  clusterIP: None
  ports:
  - port: 9876
    name: web
  selector:
     app: {{ template "cblock.fullname" . }}-cblock
---
apiVersion: apps/v1beta1
kind: StatefulSet
metadata:
  name: {{ template "cblock.fullname" . }}-cblock
spec:
  serviceName: {{ template "cblock.fullname" . }}-cblock
  replicas: 1
  template:
    metadata:
      labels:
        app: {{ template "cblock.fullname" . }}-cblock
{{ include "cblock.commonlabels" . | indent 8}}
      annotations:
        prometheus.io/scrape: "true"
        prometheus.io/port: "28942"
    spec:
{{ if .Values.serviceAccount }}
      serviceAccount: {{ .Values.serviceAccount }}
{{ end }}
      containers:
        - name: cblock
          image: {{ .Values.image.repository }}flokkr/hadoop:{{ .Values.image.tag }}
          imagePullPolicy: {{ default "Always" .Values.image.pullPolicy }}
          args: ["hdfs","cblockserver"]
          env:
{{ include "prometheus.jmx" . | indent 12}}
          volumeMounts:
            - name: config
              mountPath: "/opt/hadoop/etc/hadoop"
              readOnly: true
      volumes:
        - name: config
          configMap:
            name: {{ template "cblock.fullname" . }}-config
